<?xml version="1.0"?>
<CONFIG>
  <ProjectOptions>
    <Version Value="7"/>
    <General>
      <MainUnit Value="0"/>
      <TargetFileExt Value=""/>
      <Icon Value="0"/>
      <UseXPManifest Value="True"/>
      <ActiveEditorIndexAtStart Value="0"/>
    </General>
    <VersionInfo>
      <ProjectVersion Value=""/>
      <Language Value=""/>
      <CharSet Value=""/>
    </VersionInfo>
    <PublishOptions>
      <Version Value="2"/>
      <IgnoreBinaries Value="False"/>
      <IncludeFileFilter Value="*.(pas|pp|inc|lfm|lpr|lrs|lpi|lpk|sh|xml)"/>
      <ExcludeFileFilter Value="*.(bak|ppu|ppw|o|so);*~;backup"/>
    </PublishOptions>
    <RunParams>
      <local>
        <FormatVersion Value="1"/>
        <LaunchingApplication PathPlusParams="/usr/X11R6/bin/xterm -T 'Lazarus Run Output' -e $(LazarusDir)/tools/runwait.sh $(TargetCmdLine)"/>
      </local>
    </RunParams>
    <Units Count="6">
      <Unit0>
        <Filename Value="test.pp"/>
        <IsPartOfProject Value="True"/>
        <UnitName Value="test_case"/>
        <CursorPos X="65" Y="111"/>
        <TopLine Value="114"/>
        <EditorIndex Value="0"/>
        <UsageCount Value="24"/>
        <Loaded Value="True"/>
      </Unit0>
      <Unit1>
        <Filename Value="creditcard_validity.pp"/>
        <UnitName Value="creditcard_validity"/>
        <CursorPos X="64" Y="16"/>
        <TopLine Value="1"/>
        <EditorIndex Value="1"/>
        <UsageCount Value="12"/>
        <Loaded Value="True"/>
      </Unit1>
      <Unit2>
        <Filename Value="../luhn/luhn.pp"/>
        <UnitName Value="Luhn"/>
        <CursorPos X="14" Y="7"/>
        <TopLine Value="1"/>
        <EditorIndex Value="2"/>
        <UsageCount Value="12"/>
        <Loaded Value="True"/>
      </Unit2>
      <Unit3>
        <Filename Value="creditcards.txt"/>
        <CursorPos X="1" Y="79"/>
        <TopLine Value="37"/>
        <UsageCount Value="11"/>
        <SyntaxHighlighter Value="None"/>
      </Unit3>
      <Unit4>
        <Filename Value="../../fpc/fpc.2.2.4/rtl/objpas/strutils.pp"/>
        <UnitName Value="strutils"/>
        <CursorPos X="40" Y="1015"/>
        <TopLine Value="998"/>
        <UsageCount Value="10"/>
      </Unit4>
      <Unit5>
        <Filename Value="../../fpc/fpc.2.2.4/rtl/inc/systemh.inc"/>
        <CursorPos X="11" Y="593"/>
        <TopLine Value="574"/>
        <UsageCount Value="10"/>
      </Unit5>
    </Units>
    <JumpHistory Count="27" HistoryIndex="26">
      <Position1>
        <Filename Value="creditcard_validity.pp"/>
        <Caret Line="549" Column="1" TopLine="527"/>
      </Position1>
      <Position2>
        <Filename Value="creditcard_validity.pp"/>
        <Caret Line="548" Column="1" TopLine="526"/>
      </Position2>
      <Position3>
        <Filename Value="creditcard_validity.pp"/>
        <Caret Line="549" Column="1" TopLine="527"/>
      </Position3>
      <Position4>
        <Filename Value="creditcard_validity.pp"/>
        <Caret Line="551" Column="18" TopLine="529"/>
      </Position4>
      <Position5>
        <Filename Value="creditcard_validity.pp"/>
        <Caret Line="552" Column="15" TopLine="529"/>
      </Position5>
      <Position6>
        <Filename Value="creditcard_validity.pp"/>
        <Caret Line="559" Column="55" TopLine="527"/>
      </Position6>
      <Position7>
        <Filename Value="creditcard_validity.pp"/>
        <Caret Line="562" Column="54" TopLine="537"/>
      </Position7>
      <Position8>
        <Filename Value="creditcard_validity.pp"/>
        <Caret Line="506" Column="10" TopLine="484"/>
      </Position8>
      <Position9>
        <Filename Value="test.pp"/>
        <Caret Line="34" Column="11" TopLine="1"/>
      </Position9>
      <Position10>
        <Filename Value="test.pp"/>
        <Caret Line="30" Column="32" TopLine="2"/>
      </Position10>
      <Position11>
        <Filename Value="test.pp"/>
        <Caret Line="25" Column="15" TopLine="3"/>
      </Position11>
      <Position12>
        <Filename Value="creditcard_validity.pp"/>
        <Caret Line="495" Column="6" TopLine="484"/>
      </Position12>
      <Position13>
        <Filename Value="test.pp"/>
        <Caret Line="22" Column="36" TopLine="3"/>
      </Position13>
      <Position14>
        <Filename Value="test.pp"/>
        <Caret Line="46" Column="59" TopLine="11"/>
      </Position14>
      <Position15>
        <Filename Value="test.pp"/>
        <Caret Line="50" Column="42" TopLine="15"/>
      </Position15>
      <Position16>
        <Filename Value="creditcard_validity.pp"/>
        <Caret Line="257" Column="19" TopLine="234"/>
      </Position16>
      <Position17>
        <Filename Value="test.pp"/>
        <Caret Line="109" Column="57" TopLine="71"/>
      </Position17>
      <Position18>
        <Filename Value="test.pp"/>
        <Caret Line="20" Column="27" TopLine="76"/>
      </Position18>
      <Position19>
        <Filename Value="test.pp"/>
        <Caret Line="109" Column="55" TopLine="87"/>
      </Position19>
      <Position20>
        <Filename Value="creditcard_validity.pp"/>
        <Caret Line="470" Column="26" TopLine="445"/>
      </Position20>
      <Position21>
        <Filename Value="creditcard_validity.pp"/>
        <Caret Line="536" Column="1" TopLine="499"/>
      </Position21>
      <Position22>
        <Filename Value="../luhn/luhn.pp"/>
        <Caret Line="52" Column="17" TopLine="43"/>
      </Position22>
      <Position23>
        <Filename Value="../luhn/luhn.pp"/>
        <Caret Line="129" Column="22" TopLine="110"/>
      </Position23>
      <Position24>
        <Filename Value="../luhn/luhn.pp"/>
        <Caret Line="52" Column="15" TopLine="37"/>
      </Position24>
      <Position25>
        <Filename Value="../luhn/luhn.pp"/>
        <Caret Line="129" Column="24" TopLine="110"/>
      </Position25>
      <Position26>
        <Filename Value="creditcard_validity.pp"/>
        <Caret Line="288" Column="27" TopLine="277"/>
      </Position26>
      <Position27>
        <Filename Value="../luhn/luhn.pp"/>
        <Caret Line="55" Column="24" TopLine="44"/>
      </Position27>
    </JumpHistory>
  </ProjectOptions>
  <CompilerOptions>
    <Version Value="8"/>
    <SearchPaths>
      <OtherUnitFiles Value="/_/programming/units/luhn/"/>
    </SearchPaths>
    <CodeGeneration>
      <Optimizations>
        <OptimizationLevel Value="0"/>
      </Optimizations>
    </CodeGeneration>
    <Linking>
      <Debugging>
        <GenerateDebugInfo Value="True"/>
        <GenerateDwarf Value="True"/>
        <UseHeaptrc Value="True"/>
        <UseValgrind Value="True"/>
        <GenGProfCode Value="True"/>
      </Debugging>
    </Linking>
    <Other>
      <CompilerPath Value="$(CompPath)"/>
    </Other>
  </CompilerOptions>
  <Debugging>
    <Exceptions Count="3">
      <Item1>
        <Name Value="EAbort"/>
      </Item1>
      <Item2>
        <Name Value="ECodetoolError"/>
      </Item2>
      <Item3>
        <Name Value="EFOpenError"/>
      </Item3>
    </Exceptions>
  </Debugging>
</CONFIG>
